// !$*UTF8*$!
{
	archiveVersion = 1;
	classes = {
	};
	objectVersion = 51;
	objects = {

/* Begin PBXBuildFile section */
		51A72EBA3F31E57495589165 /* Pods_SoundBit_SoundBitUITests.framework in Frameworks */ = {isa = PBXBuildFile; fileRef = 0C0FB47B9350C16A9BF03E8D /* Pods_SoundBit_SoundBitUITests.framework */; };
		7533FC7125EAF50A00A35B40 /* RecommendedGenresResponse.swift in Sources */ = {isa = PBXBuildFile; fileRef = 7533FC7025EAF50A00A35B40 /* RecommendedGenresResponse.swift */; };
		7588FCFB25EA0DA00006A357 /* FeaturedPlaylistsResponse.swift in Sources */ = {isa = PBXBuildFile; fileRef = 7588FCFA25EA0DA00006A357 /* FeaturedPlaylistsResponse.swift */; };
		75A666EB25E8BA59004EB157 /* NewReleasesResponse.swift in Sources */ = {isa = PBXBuildFile; fileRef = 75A666EA25E8BA58004EB157 /* NewReleasesResponse.swift */; };
		75A666ED25E8BE86004EB157 /* APIImage.swift in Sources */ = {isa = PBXBuildFile; fileRef = 75A666EC25E8BE86004EB157 /* APIImage.swift */; };
		75CAD6BD25E74FE90040685E /* SettingsModels.swift in Sources */ = {isa = PBXBuildFile; fileRef = 75CAD6BC25E74FE90040685E /* SettingsModels.swift */; };
		75CC200D25E1F427001D9242 /* AppDelegate.swift in Sources */ = {isa = PBXBuildFile; fileRef = 75CC200C25E1F427001D9242 /* AppDelegate.swift */; };
		75CC200F25E1F427001D9242 /* SceneDelegate.swift in Sources */ = {isa = PBXBuildFile; fileRef = 75CC200E25E1F427001D9242 /* SceneDelegate.swift */; };
		75CC201125E1F427001D9242 /* HomeViewController.swift in Sources */ = {isa = PBXBuildFile; fileRef = 75CC201025E1F427001D9242 /* HomeViewController.swift */; };
		75CC201625E1F42A001D9242 /* Assets.xcassets in Resources */ = {isa = PBXBuildFile; fileRef = 75CC201525E1F42A001D9242 /* Assets.xcassets */; };
		75CC201925E1F42A001D9242 /* LaunchScreen.storyboard in Resources */ = {isa = PBXBuildFile; fileRef = 75CC201725E1F42A001D9242 /* LaunchScreen.storyboard */; };
		75CC202425E1F42B001D9242 /* SoundBitTests.swift in Sources */ = {isa = PBXBuildFile; fileRef = 75CC202325E1F42B001D9242 /* SoundBitTests.swift */; };
		75CC202F25E1F42B001D9242 /* SoundBitUITests.swift in Sources */ = {isa = PBXBuildFile; fileRef = 75CC202E25E1F42B001D9242 /* SoundBitUITests.swift */; };
		75CC203C25E1F7A7001D9242 /* Pods_SoundBit.framework in Frameworks */ = {isa = PBXBuildFile; fileRef = F91FA145C4625CD541A6DE18 /* Pods_SoundBit.framework */; };
		75CC203D25E1F7A7001D9242 /* Pods_SoundBit.framework in Embed Frameworks */ = {isa = PBXBuildFile; fileRef = F91FA145C4625CD541A6DE18 /* Pods_SoundBit.framework */; settings = {ATTRIBUTES = (CodeSignOnCopy, RemoveHeadersOnCopy, ); }; };
		75F22B2725E200FE00E384B7 /* TabBarViewController.swift in Sources */ = {isa = PBXBuildFile; fileRef = 75F22B2625E200FE00E384B7 /* TabBarViewController.swift */; };
		75F22B2925E2016F00E384B7 /* SearchViewController.swift in Sources */ = {isa = PBXBuildFile; fileRef = 75F22B2825E2016E00E384B7 /* SearchViewController.swift */; };
		75F22B2B25E201AE00E384B7 /* LibraryViewController.swift in Sources */ = {isa = PBXBuildFile; fileRef = 75F22B2A25E201AE00E384B7 /* LibraryViewController.swift */; };
		75F22B2F25E2021D00E384B7 /* AuthViewController.swift in Sources */ = {isa = PBXBuildFile; fileRef = 75F22B2E25E2021D00E384B7 /* AuthViewController.swift */; };
		75F22B3125E2023F00E384B7 /* WelcomeViewController.swift in Sources */ = {isa = PBXBuildFile; fileRef = 75F22B3025E2023F00E384B7 /* WelcomeViewController.swift */; };
		75F22B3325E2026700E384B7 /* SettingViewController.swift in Sources */ = {isa = PBXBuildFile; fileRef = 75F22B3225E2026700E384B7 /* SettingViewController.swift */; };
		75F22B3525E2028900E384B7 /* ProfileViewController.swift in Sources */ = {isa = PBXBuildFile; fileRef = 75F22B3425E2028900E384B7 /* ProfileViewController.swift */; };
		75F22B3725E202A400E384B7 /* PlayerViewController.swift in Sources */ = {isa = PBXBuildFile; fileRef = 75F22B3625E202A400E384B7 /* PlayerViewController.swift */; };
		75F22B3925E202F000E384B7 /* PlaylistViewController.swift in Sources */ = {isa = PBXBuildFile; fileRef = 75F22B3825E202F000E384B7 /* PlaylistViewController.swift */; };
		75F22B3B25E2035A00E384B7 /* SearchResultsViewController.swift in Sources */ = {isa = PBXBuildFile; fileRef = 75F22B3A25E2035A00E384B7 /* SearchResultsViewController.swift */; };
		75F22B3D25E2039D00E384B7 /* AuthManager.swift in Sources */ = {isa = PBXBuildFile; fileRef = 75F22B3C25E2039D00E384B7 /* AuthManager.swift */; };
		75F22B3F25E203BA00E384B7 /* APICaller.swift in Sources */ = {isa = PBXBuildFile; fileRef = 75F22B3E25E203BA00E384B7 /* APICaller.swift */; };
		75F22B4325E2041300E384B7 /* HapticsManager.swift in Sources */ = {isa = PBXBuildFile; fileRef = 75F22B4225E2041300E384B7 /* HapticsManager.swift */; };
		75F22B4525E2045B00E384B7 /* Playlist.swift in Sources */ = {isa = PBXBuildFile; fileRef = 75F22B4425E2045B00E384B7 /* Playlist.swift */; };
		75F22B4725E2048300E384B7 /* AudioTrack.swift in Sources */ = {isa = PBXBuildFile; fileRef = 75F22B4625E2048300E384B7 /* AudioTrack.swift */; };
		75F22B4925E2049E00E384B7 /* Artist.swift in Sources */ = {isa = PBXBuildFile; fileRef = 75F22B4825E2049E00E384B7 /* Artist.swift */; };
		75F22B4B25E204B600E384B7 /* UserProfile.swift in Sources */ = {isa = PBXBuildFile; fileRef = 75F22B4A25E204B600E384B7 /* UserProfile.swift */; };
		75F22B4D25E31FE800E384B7 /* Extensions.swift in Sources */ = {isa = PBXBuildFile; fileRef = 75F22B4C25E31FE700E384B7 /* Extensions.swift */; };
		75F22B4F25E4A25200E384B7 /* AuthResponse.swift in Sources */ = {isa = PBXBuildFile; fileRef = 75F22B4E25E4A25100E384B7 /* AuthResponse.swift */; };
		A405A2F2EB45D6AD206360B4 /* Pods_SoundBitTests.framework in Frameworks */ = {isa = PBXBuildFile; fileRef = 3E1EBA4185B10B18F8F1D932 /* Pods_SoundBitTests.framework */; };
/* End PBXBuildFile section */

/* Begin PBXContainerItemProxy section */
		75CC202025E1F42B001D9242 /* PBXContainerItemProxy */ = {
			isa = PBXContainerItemProxy;
			containerPortal = 75CC200125E1F427001D9242 /* Project object */;
			proxyType = 1;
			remoteGlobalIDString = 75CC200825E1F427001D9242;
			remoteInfo = SoundBit;
		};
		75CC202B25E1F42B001D9242 /* PBXContainerItemProxy */ = {
			isa = PBXContainerItemProxy;
			containerPortal = 75CC200125E1F427001D9242 /* Project object */;
			proxyType = 1;
			remoteGlobalIDString = 75CC200825E1F427001D9242;
			remoteInfo = SoundBit;
		};
/* End PBXContainerItemProxy section */

/* Begin PBXCopyFilesBuildPhase section */
		75CC203E25E1F7A7001D9242 /* Embed Frameworks */ = {
			isa = PBXCopyFilesBuildPhase;
			buildActionMask = 2147483647;
			dstPath = "";
			dstSubfolderSpec = 10;
			files = (
				75CC203D25E1F7A7001D9242 /* Pods_SoundBit.framework in Embed Frameworks */,
			);
			name = "Embed Frameworks";
			runOnlyForDeploymentPostprocessing = 0;
		};
/* End PBXCopyFilesBuildPhase section */

/* Begin PBXFileReference section */
		0C0FB47B9350C16A9BF03E8D /* Pods_SoundBit_SoundBitUITests.framework */ = {isa = PBXFileReference; explicitFileType = wrapper.framework; includeInIndex = 0; path = Pods_SoundBit_SoundBitUITests.framework; sourceTree = BUILT_PRODUCTS_DIR; };
		3E1EBA4185B10B18F8F1D932 /* Pods_SoundBitTests.framework */ = {isa = PBXFileReference; explicitFileType = wrapper.framework; includeInIndex = 0; path = Pods_SoundBitTests.framework; sourceTree = BUILT_PRODUCTS_DIR; };
		5D931D4FF83AC6482F5F1F3B /* Pods-SoundBitTests.release.xcconfig */ = {isa = PBXFileReference; includeInIndex = 1; lastKnownFileType = text.xcconfig; name = "Pods-SoundBitTests.release.xcconfig"; path = "Target Support Files/Pods-SoundBitTests/Pods-SoundBitTests.release.xcconfig"; sourceTree = "<group>"; };
		7533FC7025EAF50A00A35B40 /* RecommendedGenresResponse.swift */ = {isa = PBXFileReference; lastKnownFileType = sourcecode.swift; path = RecommendedGenresResponse.swift; sourceTree = "<group>"; };
		7588FCFA25EA0DA00006A357 /* FeaturedPlaylistsResponse.swift */ = {isa = PBXFileReference; lastKnownFileType = sourcecode.swift; path = FeaturedPlaylistsResponse.swift; sourceTree = "<group>"; };
		75A666EA25E8BA58004EB157 /* NewReleasesResponse.swift */ = {isa = PBXFileReference; lastKnownFileType = sourcecode.swift; path = NewReleasesResponse.swift; sourceTree = "<group>"; };
		75A666EC25E8BE86004EB157 /* APIImage.swift */ = {isa = PBXFileReference; lastKnownFileType = sourcecode.swift; path = APIImage.swift; sourceTree = "<group>"; };
		75CAD6BC25E74FE90040685E /* SettingsModels.swift */ = {isa = PBXFileReference; lastKnownFileType = sourcecode.swift; path = SettingsModels.swift; sourceTree = "<group>"; };
		75CC200925E1F427001D9242 /* SoundBit.app */ = {isa = PBXFileReference; explicitFileType = wrapper.application; includeInIndex = 0; path = SoundBit.app; sourceTree = BUILT_PRODUCTS_DIR; };
		75CC200C25E1F427001D9242 /* AppDelegate.swift */ = {isa = PBXFileReference; lastKnownFileType = sourcecode.swift; path = AppDelegate.swift; sourceTree = "<group>"; };
		75CC200E25E1F427001D9242 /* SceneDelegate.swift */ = {isa = PBXFileReference; lastKnownFileType = sourcecode.swift; path = SceneDelegate.swift; sourceTree = "<group>"; };
		75CC201025E1F427001D9242 /* HomeViewController.swift */ = {isa = PBXFileReference; lastKnownFileType = sourcecode.swift; path = HomeViewController.swift; sourceTree = "<group>"; };
		75CC201525E1F42A001D9242 /* Assets.xcassets */ = {isa = PBXFileReference; lastKnownFileType = folder.assetcatalog; path = Assets.xcassets; sourceTree = "<group>"; };
		75CC201825E1F42A001D9242 /* Base */ = {isa = PBXFileReference; lastKnownFileType = file.storyboard; name = Base; path = Base.lproj/LaunchScreen.storyboard; sourceTree = "<group>"; };
		75CC201A25E1F42A001D9242 /* Info.plist */ = {isa = PBXFileReference; lastKnownFileType = text.plist.xml; path = Info.plist; sourceTree = "<group>"; };
		75CC201F25E1F42B001D9242 /* SoundBitTests.xctest */ = {isa = PBXFileReference; explicitFileType = wrapper.cfbundle; includeInIndex = 0; path = SoundBitTests.xctest; sourceTree = BUILT_PRODUCTS_DIR; };
		75CC202325E1F42B001D9242 /* SoundBitTests.swift */ = {isa = PBXFileReference; lastKnownFileType = sourcecode.swift; path = SoundBitTests.swift; sourceTree = "<group>"; };
		75CC202525E1F42B001D9242 /* Info.plist */ = {isa = PBXFileReference; lastKnownFileType = text.plist.xml; path = Info.plist; sourceTree = "<group>"; };
		75CC202A25E1F42B001D9242 /* SoundBitUITests.xctest */ = {isa = PBXFileReference; explicitFileType = wrapper.cfbundle; includeInIndex = 0; path = SoundBitUITests.xctest; sourceTree = BUILT_PRODUCTS_DIR; };
		75CC202E25E1F42B001D9242 /* SoundBitUITests.swift */ = {isa = PBXFileReference; lastKnownFileType = sourcecode.swift; path = SoundBitUITests.swift; sourceTree = "<group>"; };
		75CC203025E1F42B001D9242 /* Info.plist */ = {isa = PBXFileReference; lastKnownFileType = text.plist.xml; path = Info.plist; sourceTree = "<group>"; };
		75F22B2625E200FE00E384B7 /* TabBarViewController.swift */ = {isa = PBXFileReference; lastKnownFileType = sourcecode.swift; path = TabBarViewController.swift; sourceTree = "<group>"; };
		75F22B2825E2016E00E384B7 /* SearchViewController.swift */ = {isa = PBXFileReference; lastKnownFileType = sourcecode.swift; path = SearchViewController.swift; sourceTree = "<group>"; };
		75F22B2A25E201AE00E384B7 /* LibraryViewController.swift */ = {isa = PBXFileReference; lastKnownFileType = sourcecode.swift; path = LibraryViewController.swift; sourceTree = "<group>"; };
		75F22B2E25E2021D00E384B7 /* AuthViewController.swift */ = {isa = PBXFileReference; lastKnownFileType = sourcecode.swift; path = AuthViewController.swift; sourceTree = "<group>"; };
		75F22B3025E2023F00E384B7 /* WelcomeViewController.swift */ = {isa = PBXFileReference; lastKnownFileType = sourcecode.swift; path = WelcomeViewController.swift; sourceTree = "<group>"; };
		75F22B3225E2026700E384B7 /* SettingViewController.swift */ = {isa = PBXFileReference; lastKnownFileType = sourcecode.swift; path = SettingViewController.swift; sourceTree = "<group>"; };
		75F22B3425E2028900E384B7 /* ProfileViewController.swift */ = {isa = PBXFileReference; lastKnownFileType = sourcecode.swift; path = ProfileViewController.swift; sourceTree = "<group>"; };
		75F22B3625E202A400E384B7 /* PlayerViewController.swift */ = {isa = PBXFileReference; lastKnownFileType = sourcecode.swift; path = PlayerViewController.swift; sourceTree = "<group>"; };
		75F22B3825E202F000E384B7 /* PlaylistViewController.swift */ = {isa = PBXFileReference; lastKnownFileType = sourcecode.swift; path = PlaylistViewController.swift; sourceTree = "<group>"; };
		75F22B3A25E2035A00E384B7 /* SearchResultsViewController.swift */ = {isa = PBXFileReference; lastKnownFileType = sourcecode.swift; path = SearchResultsViewController.swift; sourceTree = "<group>"; };
		75F22B3C25E2039D00E384B7 /* AuthManager.swift */ = {isa = PBXFileReference; lastKnownFileType = sourcecode.swift; path = AuthManager.swift; sourceTree = "<group>"; };
		75F22B3E25E203BA00E384B7 /* APICaller.swift */ = {isa = PBXFileReference; lastKnownFileType = sourcecode.swift; path = APICaller.swift; sourceTree = "<group>"; };
		75F22B4225E2041300E384B7 /* HapticsManager.swift */ = {isa = PBXFileReference; lastKnownFileType = sourcecode.swift; path = HapticsManager.swift; sourceTree = "<group>"; };
		75F22B4425E2045B00E384B7 /* Playlist.swift */ = {isa = PBXFileReference; lastKnownFileType = sourcecode.swift; path = Playlist.swift; sourceTree = "<group>"; };
		75F22B4625E2048300E384B7 /* AudioTrack.swift */ = {isa = PBXFileReference; lastKnownFileType = sourcecode.swift; path = AudioTrack.swift; sourceTree = "<group>"; };
		75F22B4825E2049E00E384B7 /* Artist.swift */ = {isa = PBXFileReference; lastKnownFileType = sourcecode.swift; path = Artist.swift; sourceTree = "<group>"; };
		75F22B4A25E204B600E384B7 /* UserProfile.swift */ = {isa = PBXFileReference; lastKnownFileType = sourcecode.swift; path = UserProfile.swift; sourceTree = "<group>"; };
		75F22B4C25E31FE700E384B7 /* Extensions.swift */ = {isa = PBXFileReference; lastKnownFileType = sourcecode.swift; path = Extensions.swift; sourceTree = "<group>"; };
		75F22B4E25E4A25100E384B7 /* AuthResponse.swift */ = {isa = PBXFileReference; lastKnownFileType = sourcecode.swift; path = AuthResponse.swift; sourceTree = "<group>"; };
		8195C63AD2D0A01287F2493A /* Pods-SoundBitTests.debug.xcconfig */ = {isa = PBXFileReference; includeInIndex = 1; lastKnownFileType = text.xcconfig; name = "Pods-SoundBitTests.debug.xcconfig"; path = "Target Support Files/Pods-SoundBitTests/Pods-SoundBitTests.debug.xcconfig"; sourceTree = "<group>"; };
		8F634F11FA67ECCA86AE6D11 /* Pods-SoundBit-SoundBitUITests.release.xcconfig */ = {isa = PBXFileReference; includeInIndex = 1; lastKnownFileType = text.xcconfig; name = "Pods-SoundBit-SoundBitUITests.release.xcconfig"; path = "Target Support Files/Pods-SoundBit-SoundBitUITests/Pods-SoundBit-SoundBitUITests.release.xcconfig"; sourceTree = "<group>"; };
		94879E8B4ABD63A62425EEA2 /* Pods-SoundBit-SoundBitUITests.debug.xcconfig */ = {isa = PBXFileReference; includeInIndex = 1; lastKnownFileType = text.xcconfig; name = "Pods-SoundBit-SoundBitUITests.debug.xcconfig"; path = "Target Support Files/Pods-SoundBit-SoundBitUITests/Pods-SoundBit-SoundBitUITests.debug.xcconfig"; sourceTree = "<group>"; };
		AEF20EAC9D7EADCE12C34E39 /* Pods-SoundBit.debug.xcconfig */ = {isa = PBXFileReference; includeInIndex = 1; lastKnownFileType = text.xcconfig; name = "Pods-SoundBit.debug.xcconfig"; path = "Target Support Files/Pods-SoundBit/Pods-SoundBit.debug.xcconfig"; sourceTree = "<group>"; };
		E49688CAD50004E5DFF60B3A /* Pods-SoundBit.release.xcconfig */ = {isa = PBXFileReference; includeInIndex = 1; lastKnownFileType = text.xcconfig; name = "Pods-SoundBit.release.xcconfig"; path = "Target Support Files/Pods-SoundBit/Pods-SoundBit.release.xcconfig"; sourceTree = "<group>"; };
		F91FA145C4625CD541A6DE18 /* Pods_SoundBit.framework */ = {isa = PBXFileReference; explicitFileType = wrapper.framework; includeInIndex = 0; path = Pods_SoundBit.framework; sourceTree = BUILT_PRODUCTS_DIR; };
/* End PBXFileReference section */

/* Begin PBXFrameworksBuildPhase section */
		75CC200625E1F427001D9242 /* Frameworks */ = {
			isa = PBXFrameworksBuildPhase;
			buildActionMask = 2147483647;
			files = (
				75CC203C25E1F7A7001D9242 /* Pods_SoundBit.framework in Frameworks */,
			);
			runOnlyForDeploymentPostprocessing = 0;
		};
		75CC201C25E1F42B001D9242 /* Frameworks */ = {
			isa = PBXFrameworksBuildPhase;
			buildActionMask = 2147483647;
			files = (
				A405A2F2EB45D6AD206360B4 /* Pods_SoundBitTests.framework in Frameworks */,
			);
			runOnlyForDeploymentPostprocessing = 0;
		};
		75CC202725E1F42B001D9242 /* Frameworks */ = {
			isa = PBXFrameworksBuildPhase;
			buildActionMask = 2147483647;
			files = (
				51A72EBA3F31E57495589165 /* Pods_SoundBit_SoundBitUITests.framework in Frameworks */,
			);
			runOnlyForDeploymentPostprocessing = 0;
		};
/* End PBXFrameworksBuildPhase section */

/* Begin PBXGroup section */
		75CC200025E1F427001D9242 = {
			isa = PBXGroup;
			children = (
				75CC200B25E1F427001D9242 /* SoundBit */,
				75CC202225E1F42B001D9242 /* SoundBitTests */,
				75CC202D25E1F42B001D9242 /* SoundBitUITests */,
				75CC200A25E1F427001D9242 /* Products */,
				9AB73DE6BA6DF3CC01144561 /* Pods */,
				DBC5B0A7510183F4487CD1E4 /* Frameworks */,
			);
			sourceTree = "<group>";
		};
		75CC200A25E1F427001D9242 /* Products */ = {
			isa = PBXGroup;
			children = (
				75CC200925E1F427001D9242 /* SoundBit.app */,
				75CC201F25E1F42B001D9242 /* SoundBitTests.xctest */,
				75CC202A25E1F42B001D9242 /* SoundBitUITests.xctest */,
			);
			name = Products;
			sourceTree = "<group>";
		};
		75CC200B25E1F427001D9242 /* SoundBit */ = {
			isa = PBXGroup;
			children = (
				75CC204325E1FA57001D9242 /* Resources */,
				75CC204225E1FA35001D9242 /* Managers */,
				75CC204125E1FA1F001D9242 /* ViewModels */,
				75CC204025E1FA17001D9242 /* Models */,
				75CC203F25E1F9ED001D9242 /* Views */,
				75CC204425E1FA93001D9242 /* Controllers */,
				75CC201A25E1F42A001D9242 /* Info.plist */,
			);
			path = SoundBit;
			sourceTree = "<group>";
		};
		75CC202225E1F42B001D9242 /* SoundBitTests */ = {
			isa = PBXGroup;
			children = (
				75CC202325E1F42B001D9242 /* SoundBitTests.swift */,
				75CC202525E1F42B001D9242 /* Info.plist */,
			);
			path = SoundBitTests;
			sourceTree = "<group>";
		};
		75CC202D25E1F42B001D9242 /* SoundBitUITests */ = {
			isa = PBXGroup;
			children = (
				75CC202E25E1F42B001D9242 /* SoundBitUITests.swift */,
				75CC203025E1F42B001D9242 /* Info.plist */,
			);
			path = SoundBitUITests;
			sourceTree = "<group>";
		};
		75CC203F25E1F9ED001D9242 /* Views */ = {
			isa = PBXGroup;
			children = (
				75CC201725E1F42A001D9242 /* LaunchScreen.storyboard */,
			);
			path = Views;
			sourceTree = "<group>";
		};
		75CC204025E1FA17001D9242 /* Models */ = {
			isa = PBXGroup;
			children = (
				75F22B4425E2045B00E384B7 /* Playlist.swift */,
				75F22B4625E2048300E384B7 /* AudioTrack.swift */,
				75F22B4825E2049E00E384B7 /* Artist.swift */,
				75F22B4A25E204B600E384B7 /* UserProfile.swift */,
				75F22B4E25E4A25100E384B7 /* AuthResponse.swift */,
				75CAD6BC25E74FE90040685E /* SettingsModels.swift */,
				75A666EA25E8BA58004EB157 /* NewReleasesResponse.swift */,
				75A666EC25E8BE86004EB157 /* APIImage.swift */,
				7588FCFA25EA0DA00006A357 /* FeaturedPlaylistsResponse.swift */,
				7533FC7025EAF50A00A35B40 /* RecommendedGenresResponse.swift */,
			);
			path = Models;
			sourceTree = "<group>";
		};
		75CC204125E1FA1F001D9242 /* ViewModels */ = {
			isa = PBXGroup;
			children = (
			);
			path = ViewModels;
			sourceTree = "<group>";
		};
		75CC204225E1FA35001D9242 /* Managers */ = {
			isa = PBXGroup;
			children = (
				75F22B3C25E2039D00E384B7 /* AuthManager.swift */,
				75F22B3E25E203BA00E384B7 /* APICaller.swift */,
				75F22B4225E2041300E384B7 /* HapticsManager.swift */,
			);
			path = Managers;
			sourceTree = "<group>";
		};
		75CC204325E1FA57001D9242 /* Resources */ = {
			isa = PBXGroup;
			children = (
				75CC201525E1F42A001D9242 /* Assets.xcassets */,
				75CC200C25E1F427001D9242 /* AppDelegate.swift */,
				75CC200E25E1F427001D9242 /* SceneDelegate.swift */,
				75F22B4C25E31FE700E384B7 /* Extensions.swift */,
			);
			path = Resources;
			sourceTree = "<group>";
		};
		75CC204425E1FA93001D9242 /* Controllers */ = {
			isa = PBXGroup;
			children = (
				75F22B2D25E201E000E384B7 /* Other */,
				75F22B2C25E201C200E384B7 /* CoreGroup */,
			);
			path = Controllers;
			sourceTree = "<group>";
		};
		75F22B2C25E201C200E384B7 /* CoreGroup */ = {
			isa = PBXGroup;
			children = (
				75CC201025E1F427001D9242 /* HomeViewController.swift */,
				75F22B2625E200FE00E384B7 /* TabBarViewController.swift */,
				75F22B2825E2016E00E384B7 /* SearchViewController.swift */,
				75F22B2A25E201AE00E384B7 /* LibraryViewController.swift */,
			);
			path = CoreGroup;
			sourceTree = "<group>";
		};
		75F22B2D25E201E000E384B7 /* Other */ = {
			isa = PBXGroup;
			children = (
				75F22B2E25E2021D00E384B7 /* AuthViewController.swift */,
				75F22B3025E2023F00E384B7 /* WelcomeViewController.swift */,
				75F22B3225E2026700E384B7 /* SettingViewController.swift */,
				75F22B3425E2028900E384B7 /* ProfileViewController.swift */,
				75F22B3625E202A400E384B7 /* PlayerViewController.swift */,
				75F22B3825E202F000E384B7 /* PlaylistViewController.swift */,
				75F22B3A25E2035A00E384B7 /* SearchResultsViewController.swift */,
			);
			path = Other;
			sourceTree = "<group>";
		};
		9AB73DE6BA6DF3CC01144561 /* Pods */ = {
			isa = PBXGroup;
			children = (
				AEF20EAC9D7EADCE12C34E39 /* Pods-SoundBit.debug.xcconfig */,
				E49688CAD50004E5DFF60B3A /* Pods-SoundBit.release.xcconfig */,
				94879E8B4ABD63A62425EEA2 /* Pods-SoundBit-SoundBitUITests.debug.xcconfig */,
				8F634F11FA67ECCA86AE6D11 /* Pods-SoundBit-SoundBitUITests.release.xcconfig */,
				8195C63AD2D0A01287F2493A /* Pods-SoundBitTests.debug.xcconfig */,
				5D931D4FF83AC6482F5F1F3B /* Pods-SoundBitTests.release.xcconfig */,
			);
			path = Pods;
			sourceTree = "<group>";
		};
		DBC5B0A7510183F4487CD1E4 /* Frameworks */ = {
			isa = PBXGroup;
			children = (
				F91FA145C4625CD541A6DE18 /* Pods_SoundBit.framework */,
				0C0FB47B9350C16A9BF03E8D /* Pods_SoundBit_SoundBitUITests.framework */,
				3E1EBA4185B10B18F8F1D932 /* Pods_SoundBitTests.framework */,
			);
			name = Frameworks;
			sourceTree = "<group>";
		};
/* End PBXGroup section */

/* Begin PBXNativeTarget section */
		75CC200825E1F427001D9242 /* SoundBit */ = {
			isa = PBXNativeTarget;
			buildConfigurationList = 75CC203325E1F42B001D9242 /* Build configuration list for PBXNativeTarget "SoundBit" */;
			buildPhases = (
				275146978B21A8A18D9932F6 /* [CP] Check Pods Manifest.lock */,
				75CC200525E1F427001D9242 /* Sources */,
				75CC200625E1F427001D9242 /* Frameworks */,
				75CC200725E1F427001D9242 /* Resources */,
				BF104B9BA4CD33EED7B1F46D /* [CP] Embed Pods Frameworks */,
				75CC203E25E1F7A7001D9242 /* Embed Frameworks */,
				A5D2FD1C4264202A82CEC2D4 /* [CP] Copy Pods Resources */,
			);
			buildRules = (
			);
			dependencies = (
			);
			name = SoundBit;
			productName = SoundBit;
			productReference = 75CC200925E1F427001D9242 /* SoundBit.app */;
			productType = "com.apple.product-type.application";
		};
		75CC201E25E1F42B001D9242 /* SoundBitTests */ = {
			isa = PBXNativeTarget;
			buildConfigurationList = 75CC203625E1F42B001D9242 /* Build configuration list for PBXNativeTarget "SoundBitTests" */;
			buildPhases = (
				E0DDAFB854D8380F0DE7BD5D /* [CP] Check Pods Manifest.lock */,
				75CC201B25E1F42B001D9242 /* Sources */,
				75CC201C25E1F42B001D9242 /* Frameworks */,
				75CC201D25E1F42B001D9242 /* Resources */,
			);
			buildRules = (
			);
			dependencies = (
				75CC202125E1F42B001D9242 /* PBXTargetDependency */,
			);
			name = SoundBitTests;
			productName = SoundBitTests;
			productReference = 75CC201F25E1F42B001D9242 /* SoundBitTests.xctest */;
			productType = "com.apple.product-type.bundle.unit-test";
		};
		75CC202925E1F42B001D9242 /* SoundBitUITests */ = {
			isa = PBXNativeTarget;
			buildConfigurationList = 75CC203925E1F42B001D9242 /* Build configuration list for PBXNativeTarget "SoundBitUITests" */;
			buildPhases = (
				F81C2481444C32E9FCB195A1 /* [CP] Check Pods Manifest.lock */,
				75CC202625E1F42B001D9242 /* Sources */,
				75CC202725E1F42B001D9242 /* Frameworks */,
				75CC202825E1F42B001D9242 /* Resources */,
				618C54E3A0CEAEBB6E8AC895 /* [CP] Embed Pods Frameworks */,
				53102511352F2F8BB743B567 /* [CP] Copy Pods Resources */,
			);
			buildRules = (
			);
			dependencies = (
				75CC202C25E1F42B001D9242 /* PBXTargetDependency */,
			);
			name = SoundBitUITests;
			productName = SoundBitUITests;
			productReference = 75CC202A25E1F42B001D9242 /* SoundBitUITests.xctest */;
			productType = "com.apple.product-type.bundle.ui-testing";
		};
/* End PBXNativeTarget section */

/* Begin PBXProject section */
		75CC200125E1F427001D9242 /* Project object */ = {
			isa = PBXProject;
			attributes = {
				LastSwiftUpdateCheck = 1200;
				LastUpgradeCheck = 1200;
				TargetAttributes = {
					75CC200825E1F427001D9242 = {
						CreatedOnToolsVersion = 12.0;
					};
					75CC201E25E1F42B001D9242 = {
						CreatedOnToolsVersion = 12.0;
						TestTargetID = 75CC200825E1F427001D9242;
					};
					75CC202925E1F42B001D9242 = {
						CreatedOnToolsVersion = 12.0;
						TestTargetID = 75CC200825E1F427001D9242;
					};
				};
			};
			buildConfigurationList = 75CC200425E1F427001D9242 /* Build configuration list for PBXProject "SoundBit" */;
			compatibilityVersion = "Xcode 9.3";
			developmentRegion = en;
			hasScannedForEncodings = 0;
			knownRegions = (
				en,
				Base,
			);
			mainGroup = 75CC200025E1F427001D9242;
			productRefGroup = 75CC200A25E1F427001D9242 /* Products */;
			projectDirPath = "";
			projectRoot = "";
			targets = (
				75CC200825E1F427001D9242 /* SoundBit */,
				75CC201E25E1F42B001D9242 /* SoundBitTests */,
				75CC202925E1F42B001D9242 /* SoundBitUITests */,
			);
		};
/* End PBXProject section */

/* Begin PBXResourcesBuildPhase section */
		75CC200725E1F427001D9242 /* Resources */ = {
			isa = PBXResourcesBuildPhase;
			buildActionMask = 2147483647;
			files = (
				75CC201925E1F42A001D9242 /* LaunchScreen.storyboard in Resources */,
				75CC201625E1F42A001D9242 /* Assets.xcassets in Resources */,
			);
			runOnlyForDeploymentPostprocessing = 0;
		};
		75CC201D25E1F42B001D9242 /* Resources */ = {
			isa = PBXResourcesBuildPhase;
			buildActionMask = 2147483647;
			files = (
			);
			runOnlyForDeploymentPostprocessing = 0;
		};
		75CC202825E1F42B001D9242 /* Resources */ = {
			isa = PBXResourcesBuildPhase;
			buildActionMask = 2147483647;
			files = (
			);
			runOnlyForDeploymentPostprocessing = 0;
		};
/* End PBXResourcesBuildPhase section */

/* Begin PBXShellScriptBuildPhase section */
		275146978B21A8A18D9932F6 /* [CP] Check Pods Manifest.lock */ = {
			isa = PBXShellScriptBuildPhase;
			buildActionMask = 2147483647;
			files = (
			);
			inputFileListPaths = (
			);
			inputPaths = (
				"${PODS_PODFILE_DIR_PATH}/Podfile.lock",
				"${PODS_ROOT}/Manifest.lock",
			);
			name = "[CP] Check Pods Manifest.lock";
			outputFileListPaths = (
			);
			outputPaths = (
				"$(DERIVED_FILE_DIR)/Pods-SoundBit-checkManifestLockResult.txt",
			);
			runOnlyForDeploymentPostprocessing = 0;
			shellPath = /bin/sh;
			shellScript = "diff \"${PODS_PODFILE_DIR_PATH}/Podfile.lock\" \"${PODS_ROOT}/Manifest.lock\" > /dev/null\nif [ $? != 0 ] ; then\n    # print error to STDERR\n    echo \"error: The sandbox is not in sync with the Podfile.lock. Run 'pod install' or update your CocoaPods installation.\" >&2\n    exit 1\nfi\n# This output is used by Xcode 'outputs' to avoid re-running this script phase.\necho \"SUCCESS\" > \"${SCRIPT_OUTPUT_FILE_0}\"\n";
			showEnvVarsInLog = 0;
		};
		53102511352F2F8BB743B567 /* [CP] Copy Pods Resources */ = {
			isa = PBXShellScriptBuildPhase;
			buildActionMask = 2147483647;
			files = (
			);
			inputFileListPaths = (
				"${PODS_ROOT}/Target Support Files/Pods-SoundBit-SoundBitUITests/Pods-SoundBit-SoundBitUITests-resources-${CONFIGURATION}-input-files.xcfilelist",
			);
			name = "[CP] Copy Pods Resources";
			outputFileListPaths = (
				"${PODS_ROOT}/Target Support Files/Pods-SoundBit-SoundBitUITests/Pods-SoundBit-SoundBitUITests-resources-${CONFIGURATION}-output-files.xcfilelist",
			);
			runOnlyForDeploymentPostprocessing = 0;
			shellPath = /bin/sh;
			shellScript = "\"${PODS_ROOT}/Target Support Files/Pods-SoundBit-SoundBitUITests/Pods-SoundBit-SoundBitUITests-resources.sh\"\n";
			showEnvVarsInLog = 0;
		};
		618C54E3A0CEAEBB6E8AC895 /* [CP] Embed Pods Frameworks */ = {
			isa = PBXShellScriptBuildPhase;
			buildActionMask = 2147483647;
			files = (
			);
			inputFileListPaths = (
				"${PODS_ROOT}/Target Support Files/Pods-SoundBit-SoundBitUITests/Pods-SoundBit-SoundBitUITests-frameworks-${CONFIGURATION}-input-files.xcfilelist",
			);
			name = "[CP] Embed Pods Frameworks";
			outputFileListPaths = (
				"${PODS_ROOT}/Target Support Files/Pods-SoundBit-SoundBitUITests/Pods-SoundBit-SoundBitUITests-frameworks-${CONFIGURATION}-output-files.xcfilelist",
			);
			runOnlyForDeploymentPostprocessing = 0;
			shellPath = /bin/sh;
			shellScript = "\"${PODS_ROOT}/Target Support Files/Pods-SoundBit-SoundBitUITests/Pods-SoundBit-SoundBitUITests-frameworks.sh\"\n";
			showEnvVarsInLog = 0;
		};
		A5D2FD1C4264202A82CEC2D4 /* [CP] Copy Pods Resources */ = {
			isa = PBXShellScriptBuildPhase;
			buildActionMask = 2147483647;
			files = (
			);
			inputFileListPaths = (
				"${PODS_ROOT}/Target Support Files/Pods-SoundBit/Pods-SoundBit-resources-${CONFIGURATION}-input-files.xcfilelist",
			);
			name = "[CP] Copy Pods Resources";
			outputFileListPaths = (
				"${PODS_ROOT}/Target Support Files/Pods-SoundBit/Pods-SoundBit-resources-${CONFIGURATION}-output-files.xcfilelist",
			);
			runOnlyForDeploymentPostprocessing = 0;
			shellPath = /bin/sh;
			shellScript = "\"${PODS_ROOT}/Target Support Files/Pods-SoundBit/Pods-SoundBit-resources.sh\"\n";
			showEnvVarsInLog = 0;
		};
		BF104B9BA4CD33EED7B1F46D /* [CP] Embed Pods Frameworks */ = {
			isa = PBXShellScriptBuildPhase;
			buildActionMask = 2147483647;
			files = (
			);
			inputFileListPaths = (
				"${PODS_ROOT}/Target Support Files/Pods-SoundBit/Pods-SoundBit-frameworks-${CONFIGURATION}-input-files.xcfilelist",
			);
			name = "[CP] Embed Pods Frameworks";
			outputFileListPaths = (
				"${PODS_ROOT}/Target Support Files/Pods-SoundBit/Pods-SoundBit-frameworks-${CONFIGURATION}-output-files.xcfilelist",
			);
			runOnlyForDeploymentPostprocessing = 0;
			shellPath = /bin/sh;
			shellScript = "\"${PODS_ROOT}/Target Support Files/Pods-SoundBit/Pods-SoundBit-frameworks.sh\"\n";
			showEnvVarsInLog = 0;
		};
		E0DDAFB854D8380F0DE7BD5D /* [CP] Check Pods Manifest.lock */ = {
			isa = PBXShellScriptBuildPhase;
			buildActionMask = 2147483647;
			files = (
			);
			inputFileListPaths = (
			);
			inputPaths = (
				"${PODS_PODFILE_DIR_PATH}/Podfile.lock",
				"${PODS_ROOT}/Manifest.lock",
			);
			name = "[CP] Check Pods Manifest.lock";
			outputFileListPaths = (
			);
			outputPaths = (
				"$(DERIVED_FILE_DIR)/Pods-SoundBitTests-checkManifestLockResult.txt",
			);
			runOnlyForDeploymentPostprocessing = 0;
			shellPath = /bin/sh;
			shellScript = "diff \"${PODS_PODFILE_DIR_PATH}/Podfile.lock\" \"${PODS_ROOT}/Manifest.lock\" > /dev/null\nif [ $? != 0 ] ; then\n    # print error to STDERR\n    echo \"error: The sandbox is not in sync with the Podfile.lock. Run 'pod install' or update your CocoaPods installation.\" >&2\n    exit 1\nfi\n# This output is used by Xcode 'outputs' to avoid re-running this script phase.\necho \"SUCCESS\" > \"${SCRIPT_OUTPUT_FILE_0}\"\n";
			showEnvVarsInLog = 0;
		};
		F81C2481444C32E9FCB195A1 /* [CP] Check Pods Manifest.lock */ = {
			isa = PBXShellScriptBuildPhase;
			buildActionMask = 2147483647;
			files = (
			);
			inputFileListPaths = (
			);
			inputPaths = (
				"${PODS_PODFILE_DIR_PATH}/Podfile.lock",
				"${PODS_ROOT}/Manifest.lock",
			);
			name = "[CP] Check Pods Manifest.lock";
			outputFileListPaths = (
			);
			outputPaths = (
				"$(DERIVED_FILE_DIR)/Pods-SoundBit-SoundBitUITests-checkManifestLockResult.txt",
			);
			runOnlyForDeploymentPostprocessing = 0;
			shellPath = /bin/sh;
			shellScript = "diff \"${PODS_PODFILE_DIR_PATH}/Podfile.lock\" \"${PODS_ROOT}/Manifest.lock\" > /dev/null\nif [ $? != 0 ] ; then\n    # print error to STDERR\n    echo \"error: The sandbox is not in sync with the Podfile.lock. Run 'pod install' or update your CocoaPods installation.\" >&2\n    exit 1\nfi\n# This output is used by Xcode 'outputs' to avoid re-running this script phase.\necho \"SUCCESS\" > \"${SCRIPT_OUTPUT_FILE_0}\"\n";
			showEnvVarsInLog = 0;
		};
/* End PBXShellScriptBuildPhase section */

/* Begin PBXSourcesBuildPhase section */
		75CC200525E1F427001D9242 /* Sources */ = {
			isa = PBXSourcesBuildPhase;
			buildActionMask = 2147483647;
			files = (
				75F22B2925E2016F00E384B7 /* SearchViewController.swift in Sources */,
				75F22B4525E2045B00E384B7 /* Playlist.swift in Sources */,
				75F22B3D25E2039D00E384B7 /* AuthManager.swift in Sources */,
				75F22B3B25E2035A00E384B7 /* SearchResultsViewController.swift in Sources */,
				7588FCFB25EA0DA00006A357 /* FeaturedPlaylistsResponse.swift in Sources */,
				75F22B3125E2023F00E384B7 /* WelcomeViewController.swift in Sources */,
				75F22B3525E2028900E384B7 /* ProfileViewController.swift in Sources */,
				75F22B2725E200FE00E384B7 /* TabBarViewController.swift in Sources */,
				75F22B4325E2041300E384B7 /* HapticsManager.swift in Sources */,
				75F22B4F25E4A25200E384B7 /* AuthResponse.swift in Sources */,
				75F22B4725E2048300E384B7 /* AudioTrack.swift in Sources */,
				75A666ED25E8BE86004EB157 /* APIImage.swift in Sources */,
				75CC201125E1F427001D9242 /* HomeViewController.swift in Sources */,
				75F22B2F25E2021D00E384B7 /* AuthViewController.swift in Sources */,
				75F22B3325E2026700E384B7 /* SettingViewController.swift in Sources */,
				75F22B4B25E204B600E384B7 /* UserProfile.swift in Sources */,
				75F22B4D25E31FE800E384B7 /* Extensions.swift in Sources */,
				75CC200D25E1F427001D9242 /* AppDelegate.swift in Sources */,
				75F22B4925E2049E00E384B7 /* Artist.swift in Sources */,
				75CAD6BD25E74FE90040685E /* SettingsModels.swift in Sources */,
				75F22B3925E202F000E384B7 /* PlaylistViewController.swift in Sources */,
				75F22B2B25E201AE00E384B7 /* LibraryViewController.swift in Sources */,
				75F22B3725E202A400E384B7 /* PlayerViewController.swift in Sources */,
				75A666EB25E8BA59004EB157 /* NewReleasesResponse.swift in Sources */,
				75F22B3F25E203BA00E384B7 /* APICaller.swift in Sources */,
				75CC200F25E1F427001D9242 /* SceneDelegate.swift in Sources */,
				7533FC7125EAF50A00A35B40 /* RecommendedGenresResponse.swift in Sources */,
			);
			runOnlyForDeploymentPostprocessing = 0;
		};
		75CC201B25E1F42B001D9242 /* Sources */ = {
			isa = PBXSourcesBuildPhase;
			buildActionMask = 2147483647;
			files = (
				75CC202425E1F42B001D9242 /* SoundBitTests.swift in Sources */,
			);
			runOnlyForDeploymentPostprocessing = 0;
		};
		75CC202625E1F42B001D9242 /* Sources */ = {
			isa = PBXSourcesBuildPhase;
			buildActionMask = 2147483647;
			files = (
				75CC202F25E1F42B001D9242 /* SoundBitUITests.swift in Sources */,
			);
			runOnlyForDeploymentPostprocessing = 0;
		};
/* End PBXSourcesBuildPhase section */

/* Begin PBXTargetDependency section */
		75CC202125E1F42B001D9242 /* PBXTargetDependency */ = {
			isa = PBXTargetDependency;
			target = 75CC200825E1F427001D9242 /* SoundBit */;
			targetProxy = 75CC202025E1F42B001D9242 /* PBXContainerItemProxy */;
		};
		75CC202C25E1F42B001D9242 /* PBXTargetDependency */ = {
			isa = PBXTargetDependency;
			target = 75CC200825E1F427001D9242 /* SoundBit */;
			targetProxy = 75CC202B25E1F42B001D9242 /* PBXContainerItemProxy */;
		};
/* End PBXTargetDependency section */

/* Begin PBXVariantGroup section */
		75CC201725E1F42A001D9242 /* LaunchScreen.storyboard */ = {
			isa = PBXVariantGroup;
			children = (
				75CC201825E1F42A001D9242 /* Base */,
			);
			name = LaunchScreen.storyboard;
			sourceTree = "<group>";
		};
/* End PBXVariantGroup section */

/* Begin XCBuildConfiguration section */
		75CC203125E1F42B001D9242 /* Debug */ = {
			isa = XCBuildConfiguration;
			buildSettings = {
				ALWAYS_SEARCH_USER_PATHS = NO;
				CLANG_ANALYZER_NONNULL = YES;
				CLANG_ANALYZER_NUMBER_OBJECT_CONVERSION = YES_AGGRESSIVE;
				CLANG_CXX_LANGUAGE_STANDARD = "gnu++14";
				CLANG_CXX_LIBRARY = "libc++";
				CLANG_ENABLE_MODULES = YES;
				CLANG_ENABLE_OBJC_ARC = YES;
				CLANG_ENABLE_OBJC_WEAK = YES;
				CLANG_WARN_BLOCK_CAPTURE_AUTORELEASING = YES;
				CLANG_WARN_BOOL_CONVERSION = YES;
				CLANG_WARN_COMMA = YES;
				CLANG_WARN_CONSTANT_CONVERSION = YES;
				CLANG_WARN_DEPRECATED_OBJC_IMPLEMENTATIONS = YES;
				CLANG_WARN_DIRECT_OBJC_ISA_USAGE = YES_ERROR;
				CLANG_WARN_DOCUMENTATION_COMMENTS = YES;
				CLANG_WARN_EMPTY_BODY = YES;
				CLANG_WARN_ENUM_CONVERSION = YES;
				CLANG_WARN_INFINITE_RECURSION = YES;
				CLANG_WARN_INT_CONVERSION = YES;
				CLANG_WARN_NON_LITERAL_NULL_CONVERSION = YES;
				CLANG_WARN_OBJC_IMPLICIT_RETAIN_SELF = YES;
				CLANG_WARN_OBJC_LITERAL_CONVERSION = YES;
				CLANG_WARN_OBJC_ROOT_CLASS = YES_ERROR;
				CLANG_WARN_QUOTED_INCLUDE_IN_FRAMEWORK_HEADER = YES;
				CLANG_WARN_RANGE_LOOP_ANALYSIS = YES;
				CLANG_WARN_STRICT_PROTOTYPES = YES;
				CLANG_WARN_SUSPICIOUS_MOVE = YES;
				CLANG_WARN_UNGUARDED_AVAILABILITY = YES_AGGRESSIVE;
				CLANG_WARN_UNREACHABLE_CODE = YES;
				CLANG_WARN__DUPLICATE_METHOD_MATCH = YES;
				COPY_PHASE_STRIP = NO;
				DEBUG_INFORMATION_FORMAT = dwarf;
				ENABLE_STRICT_OBJC_MSGSEND = YES;
				ENABLE_TESTABILITY = YES;
				GCC_C_LANGUAGE_STANDARD = gnu11;
				GCC_DYNAMIC_NO_PIC = NO;
				GCC_NO_COMMON_BLOCKS = YES;
				GCC_OPTIMIZATION_LEVEL = 0;
				GCC_PREPROCESSOR_DEFINITIONS = (
					"DEBUG=1",
					"$(inherited)",
				);
				GCC_WARN_64_TO_32_BIT_CONVERSION = YES;
				GCC_WARN_ABOUT_RETURN_TYPE = YES_ERROR;
				GCC_WARN_UNDECLARED_SELECTOR = YES;
				GCC_WARN_UNINITIALIZED_AUTOS = YES_AGGRESSIVE;
				GCC_WARN_UNUSED_FUNCTION = YES;
				GCC_WARN_UNUSED_VARIABLE = YES;
				IPHONEOS_DEPLOYMENT_TARGET = 14.0;
				MTL_ENABLE_DEBUG_INFO = INCLUDE_SOURCE;
				MTL_FAST_MATH = YES;
				ONLY_ACTIVE_ARCH = YES;
				SDKROOT = iphoneos;
				SWIFT_ACTIVE_COMPILATION_CONDITIONS = DEBUG;
				SWIFT_OPTIMIZATION_LEVEL = "-Onone";
			};
			name = Debug;
		};
		75CC203225E1F42B001D9242 /* Release */ = {
			isa = XCBuildConfiguration;
			buildSettings = {
				ALWAYS_SEARCH_USER_PATHS = NO;
				CLANG_ANALYZER_NONNULL = YES;
				CLANG_ANALYZER_NUMBER_OBJECT_CONVERSION = YES_AGGRESSIVE;
				CLANG_CXX_LANGUAGE_STANDARD = "gnu++14";
				CLANG_CXX_LIBRARY = "libc++";
				CLANG_ENABLE_MODULES = YES;
				CLANG_ENABLE_OBJC_ARC = YES;
				CLANG_ENABLE_OBJC_WEAK = YES;
				CLANG_WARN_BLOCK_CAPTURE_AUTORELEASING = YES;
				CLANG_WARN_BOOL_CONVERSION = YES;
				CLANG_WARN_COMMA = YES;
				CLANG_WARN_CONSTANT_CONVERSION = YES;
				CLANG_WARN_DEPRECATED_OBJC_IMPLEMENTATIONS = YES;
				CLANG_WARN_DIRECT_OBJC_ISA_USAGE = YES_ERROR;
				CLANG_WARN_DOCUMENTATION_COMMENTS = YES;
				CLANG_WARN_EMPTY_BODY = YES;
				CLANG_WARN_ENUM_CONVERSION = YES;
				CLANG_WARN_INFINITE_RECURSION = YES;
				CLANG_WARN_INT_CONVERSION = YES;
				CLANG_WARN_NON_LITERAL_NULL_CONVERSION = YES;
				CLANG_WARN_OBJC_IMPLICIT_RETAIN_SELF = YES;
				CLANG_WARN_OBJC_LITERAL_CONVERSION = YES;
				CLANG_WARN_OBJC_ROOT_CLASS = YES_ERROR;
				CLANG_WARN_QUOTED_INCLUDE_IN_FRAMEWORK_HEADER = YES;
				CLANG_WARN_RANGE_LOOP_ANALYSIS = YES;
				CLANG_WARN_STRICT_PROTOTYPES = YES;
				CLANG_WARN_SUSPICIOUS_MOVE = YES;
				CLANG_WARN_UNGUARDED_AVAILABILITY = YES_AGGRESSIVE;
				CLANG_WARN_UNREACHABLE_CODE = YES;
				CLANG_WARN__DUPLICATE_METHOD_MATCH = YES;
				COPY_PHASE_STRIP = NO;
				DEBUG_INFORMATION_FORMAT = "dwarf-with-dsym";
				ENABLE_NS_ASSERTIONS = NO;
				ENABLE_STRICT_OBJC_MSGSEND = YES;
				GCC_C_LANGUAGE_STANDARD = gnu11;
				GCC_NO_COMMON_BLOCKS = YES;
				GCC_WARN_64_TO_32_BIT_CONVERSION = YES;
				GCC_WARN_ABOUT_RETURN_TYPE = YES_ERROR;
				GCC_WARN_UNDECLARED_SELECTOR = YES;
				GCC_WARN_UNINITIALIZED_AUTOS = YES_AGGRESSIVE;
				GCC_WARN_UNUSED_FUNCTION = YES;
				GCC_WARN_UNUSED_VARIABLE = YES;
				IPHONEOS_DEPLOYMENT_TARGET = 14.0;
				MTL_ENABLE_DEBUG_INFO = NO;
				MTL_FAST_MATH = YES;
				SDKROOT = iphoneos;
				SWIFT_COMPILATION_MODE = wholemodule;
				SWIFT_OPTIMIZATION_LEVEL = "-O";
				VALIDATE_PRODUCT = YES;
			};
			name = Release;
		};
		75CC203425E1F42B001D9242 /* Debug */ = {
			isa = XCBuildConfiguration;
			baseConfigurationReference = AEF20EAC9D7EADCE12C34E39 /* Pods-SoundBit.debug.xcconfig */;
			buildSettings = {
				ASSETCATALOG_COMPILER_APPICON_NAME = AppIcon;
				ASSETCATALOG_COMPILER_GLOBAL_ACCENT_COLOR_NAME = AccentColor;
				CODE_SIGN_STYLE = Automatic;
				DEVELOPMENT_TEAM = QFQW29JWKY;
				INFOPLIST_FILE = SoundBit/Info.plist;
				LD_RUNPATH_SEARCH_PATHS = (
					"$(inherited)",
					"@executable_path/Frameworks",
				);
				OTHER_LDFLAGS = (
					"$(inherited)",
					"-l\"sqlite3\"",
					"-l\"z\"",
					"-framework",
					"\"AWSAuthCore\"",
					"-framework",
					"\"AWSCognitoIdentityProvider\"",
					"-framework",
					"\"AWSCognitoIdentityProviderASF\"",
					"-framework",
					"\"AWSCore\"",
					"-framework",
					"\"AWSMobileClient\"",
					"-framework",
					"\"CoreGraphics\"",
					"-framework",
					"\"Foundation\"",
					"-framework",
					"\"Security\"",
					"-framework",
					"\"SystemConfiguration\"",
					"-framework",
					"\"UIKit\"",
				);
				PRODUCT_BUNDLE_IDENTIFIER = com.Me2.SoundBit;
				PRODUCT_NAME = "$(TARGET_NAME)";
				SWIFT_VERSION = 5.0;
				TARGETED_DEVICE_FAMILY = "1,2";
			};
			name = Debug;
		};
		75CC203525E1F42B001D9242 /* Release */ = {
			isa = XCBuildConfiguration;
			baseConfigurationReference = E49688CAD50004E5DFF60B3A /* Pods-SoundBit.release.xcconfig */;
			buildSettings = {
				ASSETCATALOG_COMPILER_APPICON_NAME = AppIcon;
				ASSETCATALOG_COMPILER_GLOBAL_ACCENT_COLOR_NAME = AccentColor;
				CODE_SIGN_STYLE = Automatic;
				DEVELOPMENT_TEAM = QFQW29JWKY;
				INFOPLIST_FILE = SoundBit/Info.plist;
				LD_RUNPATH_SEARCH_PATHS = (
					"$(inherited)",
					"@executable_path/Frameworks",
				);
				OTHER_LDFLAGS = (
					"$(inherited)",
					"-l\"sqlite3\"",
					"-l\"z\"",
					"-framework",
					"\"AWSAuthCore\"",
					"-framework",
					"\"AWSCognitoIdentityProvider\"",
					"-framework",
					"\"AWSCognitoIdentityProviderASF\"",
					"-framework",
					"\"AWSCore\"",
					"-framework",
					"\"AWSMobileClient\"",
					"-framework",
					"\"CoreGraphics\"",
					"-framework",
					"\"Foundation\"",
					"-framework",
					"\"Security\"",
					"-framework",
					"\"SystemConfiguration\"",
					"-framework",
					"\"UIKit\"",
				);
				PRODUCT_BUNDLE_IDENTIFIER = com.Me2.SoundBit;
				PRODUCT_NAME = "$(TARGET_NAME)";
				SWIFT_VERSION = 5.0;
				TARGETED_DEVICE_FAMILY = "1,2";
			};
			name = Release;
		};
		75CC203725E1F42B001D9242 /* Debug */ = {
			isa = XCBuildConfiguration;
			baseConfigurationReference = 8195C63AD2D0A01287F2493A /* Pods-SoundBitTests.debug.xcconfig */;
			buildSettings = {
				ALWAYS_EMBED_SWIFT_STANDARD_LIBRARIES = YES;
				BUNDLE_LOADER = "$(TEST_HOST)";
				CODE_SIGN_STYLE = Automatic;
				DEVELOPMENT_TEAM = QFQW29JWKY;
				INFOPLIST_FILE = SoundBitTests/Info.plist;
				IPHONEOS_DEPLOYMENT_TARGET = 14.0;
				LD_RUNPATH_SEARCH_PATHS = (
					"$(inherited)",
					"@executable_path/Frameworks",
					"@loader_path/Frameworks",
				);
				PRODUCT_BUNDLE_IDENTIFIER = com.Me2.SoundBitTests;
				PRODUCT_NAME = "$(TARGET_NAME)";
				SWIFT_VERSION = 5.0;
				TARGETED_DEVICE_FAMILY = "1,2";
				TEST_HOST = "$(BUILT_PRODUCTS_DIR)/SoundBit.app/SoundBit";
			};
			name = Debug;
		};
		75CC203825E1F42B001D9242 /* Release */ = {
			isa = XCBuildConfiguration;
			baseConfigurationReference = 5D931D4FF83AC6482F5F1F3B /* Pods-SoundBitTests.release.xcconfig */;
			buildSettings = {
				ALWAYS_EMBED_SWIFT_STANDARD_LIBRARIES = YES;
				BUNDLE_LOADER = "$(TEST_HOST)";
				CODE_SIGN_STYLE = Automatic;
				DEVELOPMENT_TEAM = QFQW29JWKY;
				INFOPLIST_FILE = SoundBitTests/Info.plist;
				IPHONEOS_DEPLOYMENT_TARGET = 14.0;
				LD_RUNPATH_SEARCH_PATHS = (
					"$(inherited)",
					"@executable_path/Frameworks",
					"@loader_path/Frameworks",
				);
				PRODUCT_BUNDLE_IDENTIFIER = com.Me2.SoundBitTests;
				PRODUCT_NAME = "$(TARGET_NAME)";
				SWIFT_VERSION = 5.0;
				TARGETED_DEVICE_FAMILY = "1,2";
				TEST_HOST = "$(BUILT_PRODUCTS_DIR)/SoundBit.app/SoundBit";
			};
			name = Release;
		};
		75CC203A25E1F42B001D9242 /* Debug */ = {
			isa = XCBuildConfiguration;
			baseConfigurationReference = 94879E8B4ABD63A62425EEA2 /* Pods-SoundBit-SoundBitUITests.debug.xcconfig */;
			buildSettings = {
				ALWAYS_EMBED_SWIFT_STANDARD_LIBRARIES = YES;
				CODE_SIGN_STYLE = Automatic;
				DEVELOPMENT_TEAM = QFQW29JWKY;
				INFOPLIST_FILE = SoundBitUITests/Info.plist;
				LD_RUNPATH_SEARCH_PATHS = (
					"$(inherited)",
					"@executable_path/Frameworks",
					"@loader_path/Frameworks",
				);
				PRODUCT_BUNDLE_IDENTIFIER = com.Me2.SoundBitUITests;
				PRODUCT_NAME = "$(TARGET_NAME)";
				SWIFT_VERSION = 5.0;
				TARGETED_DEVICE_FAMILY = "1,2";
				TEST_TARGET_NAME = SoundBit;
			};
			name = Debug;
		};
		75CC203B25E1F42B001D9242 /* Release */ = {
			isa = XCBuildConfiguration;
			baseConfigurationReference = 8F634F11FA67ECCA86AE6D11 /* Pods-SoundBit-SoundBitUITests.release.xcconfig */;
			buildSettings = {
				ALWAYS_EMBED_SWIFT_STANDARD_LIBRARIES = YES;
				CODE_SIGN_STYLE = Automatic;
				DEVELOPMENT_TEAM = QFQW29JWKY;
				INFOPLIST_FILE = SoundBitUITests/Info.plist;
				LD_RUNPATH_SEARCH_PATHS = (
					"$(inherited)",
					"@executable_path/Frameworks",
					"@loader_path/Frameworks",
				);
				PRODUCT_BUNDLE_IDENTIFIER = com.Me2.SoundBitUITests;
				PRODUCT_NAME = "$(TARGET_NAME)";
				SWIFT_VERSION = 5.0;
				TARGETED_DEVICE_FAMILY = "1,2";
				TEST_TARGET_NAME = SoundBit;
			};
			name = Release;
		};
/* End XCBuildConfiguration section */

/* Begin XCConfigurationList section */
		75CC200425E1F427001D9242 /* Build configuration list for PBXProject "SoundBit" */ = {
			isa = XCConfigurationList;
			buildConfigurations = (
				75CC203125E1F42B001D9242 /* Debug */,
				75CC203225E1F42B001D9242 /* Release */,
			);
			defaultConfigurationIsVisible = 0;
			defaultConfigurationName = Release;
		};
		75CC203325E1F42B001D9242 /* Build configuration list for PBXNativeTarget "SoundBit" */ = {
			isa = XCConfigurationList;
			buildConfigurations = (
				75CC203425E1F42B001D9242 /* Debug */,
				75CC203525E1F42B001D9242 /* Release */,
			);
			defaultConfigurationIsVisible = 0;
			defaultConfigurationName = Release;
		};
		75CC203625E1F42B001D9242 /* Build configuration list for PBXNativeTarget "SoundBitTests" */ = {
			isa = XCConfigurationList;
			buildConfigurations = (
				75CC203725E1F42B001D9242 /* Debug */,
				75CC203825E1F42B001D9242 /* Release */,
			);
			defaultConfigurationIsVisible = 0;
			defaultConfigurationName = Release;
		};
		75CC203925E1F42B001D9242 /* Build configuration list for PBXNativeTarget "SoundBitUITests" */ = {
			isa = XCConfigurationList;
			buildConfigurations = (
				75CC203A25E1F42B001D9242 /* Debug */,
				75CC203B25E1F42B001D9242 /* Release */,
			);
			defaultConfigurationIsVisible = 0;
			defaultConfigurationName = Release;
		};
/* End XCConfigurationList section */
	};
	rootObject = 75CC200125E1F427001D9242 /* Project object */;
}
